// !$*UTF8*$!
{
	archiveVersion = 1;
	classes = {
	};
	objectVersion = 52;
	objects = {

/* Begin PBXBuildFile section */
		2705E058237F67F800CF013C /* EventStore.swift in Sources */ = {isa = PBXBuildFile; fileRef = 2705E057237F67F800CF013C /* EventStore.swift */; };
		270F2FEC23772E16006B78A7 /* AppDelegate.swift in Sources */ = {isa = PBXBuildFile; fileRef = 270F2FEB23772E16006B78A7 /* AppDelegate.swift */; };
		270F2FF023772E18006B78A7 /* Assets.xcassets in Resources */ = {isa = PBXBuildFile; fileRef = 270F2FEF23772E18006B78A7 /* Assets.xcassets */; };
		270F2FF323772E18006B78A7 /* Main.storyboard in Resources */ = {isa = PBXBuildFile; fileRef = 270F2FF123772E18006B78A7 /* Main.storyboard */; };
		270F2FFF23772E18006B78A7 /* KalendariumTests.swift in Sources */ = {isa = PBXBuildFile; fileRef = 270F2FFE23772E18006B78A7 /* KalendariumTests.swift */; };
		270F300A23772E18006B78A7 /* KalendariumUITests.swift in Sources */ = {isa = PBXBuildFile; fileRef = 270F300923772E18006B78A7 /* KalendariumUITests.swift */; };
		270F301923776036006B78A7 /* CalendarView.swift in Sources */ = {isa = PBXBuildFile; fileRef = 270F301823776036006B78A7 /* CalendarView.swift */; };
		270F301F237878C7006B78A7 /* NSGraphicsImageRenderer.swift in Sources */ = {isa = PBXBuildFile; fileRef = 270F301E237878C7006B78A7 /* NSGraphicsImageRenderer.swift */; };
		270F3022237879F3006B78A7 /* SwiftyUserDefaults in Frameworks */ = {isa = PBXBuildFile; productRef = 270F3021237879F3006B78A7 /* SwiftyUserDefaults */; };
		270F302523788AC1006B78A7 /* .swiftlint.yml in Resources */ = {isa = PBXBuildFile; fileRef = 270F302423788AC0006B78A7 /* .swiftlint.yml */; };
		271C5C3423A5A09500F261AC /* EventDetailsView.swift in Sources */ = {isa = PBXBuildFile; fileRef = 271C5C3323A5A09500F261AC /* EventDetailsView.swift */; };
		274A5C5A238053500019619C /* EventMenuItemViewController.swift in Sources */ = {isa = PBXBuildFile; fileRef = 274A5C59238053500019619C /* EventMenuItemViewController.swift */; };
		274A5C5C238053A00019619C /* NSDate+Extension.swift in Sources */ = {isa = PBXBuildFile; fileRef = 274A5C5B238053A00019619C /* NSDate+Extension.swift */; };
		274A5C5E238054310019619C /* CustomMenuItemView.swift in Sources */ = {isa = PBXBuildFile; fileRef = 274A5C5D238054310019619C /* CustomMenuItemView.swift */; };
		274ED1F52395844F000D2581 /* Error.swift in Sources */ = {isa = PBXBuildFile; fileRef = 274ED1F42395844F000D2581 /* Error.swift */; };
		27510CFA239D77F900DC5708 /* EventItemController.xib in Resources */ = {isa = PBXBuildFile; fileRef = 27510CF9239D77F900DC5708 /* EventItemController.xib */; };
		2772885E2397EA0D005A64F7 /* Defaults.swift in Sources */ = {isa = PBXBuildFile; fileRef = 2772885D2397EA0D005A64F7 /* Defaults.swift */; };
		277D66CB23843411007E311F /* Preferences in Frameworks */ = {isa = PBXBuildFile; productRef = 277D66CA23843411007E311F /* Preferences */; };
		277D66CF23846F0E007E311F /* GeneralPreferencesController.swift in Sources */ = {isa = PBXBuildFile; fileRef = 277D66CD23846F0E007E311F /* GeneralPreferencesController.swift */; };
		277D66D023846F0E007E311F /* GeneralPreferencesController.xib in Resources */ = {isa = PBXBuildFile; fileRef = 277D66CE23846F0E007E311F /* GeneralPreferencesController.xib */; };
		277D66D323846F47007E311F /* CalendarPreferencesController.swift in Sources */ = {isa = PBXBuildFile; fileRef = 277D66D123846F47007E311F /* CalendarPreferencesController.swift */; };
		277D66D423846F47007E311F /* CalendarPreferencesController.xib in Resources */ = {isa = PBXBuildFile; fileRef = 277D66D223846F47007E311F /* CalendarPreferencesController.xib */; };
		277D66D72386A264007E311F /* SwiftMoment in Frameworks */ = {isa = PBXBuildFile; productRef = 277D66D62386A264007E311F /* SwiftMoment */; };
		2791B7F9237B2661009E506E /* DesignFacts.swift in Sources */ = {isa = PBXBuildFile; fileRef = 2791B7F8237B2661009E506E /* DesignFacts.swift */; };
		2791B7FB237B2ABC009E506E /* Clock.swift in Sources */ = {isa = PBXBuildFile; fileRef = 2791B7FA237B2ABC009E506E /* Clock.swift */; };
		2791B7FE237B2E12009E506E /* Moment+Extension.swift in Sources */ = {isa = PBXBuildFile; fileRef = 2791B7FD237B2E12009E506E /* Moment+Extension.swift */; };
		2791B801237B2F27009E506E /* MonthControlButton.swift in Sources */ = {isa = PBXBuildFile; fileRef = 2791B800237B2F27009E506E /* MonthControlButton.swift */; };
		2791B803237B3034009E506E /* VibrantView.swift in Sources */ = {isa = PBXBuildFile; fileRef = 2791B802237B3034009E506E /* VibrantView.swift */; };
		2791B805237B32BA009E506E /* CalendarDayViewController.swift in Sources */ = {isa = PBXBuildFile; fileRef = 2791B804237B32BA009E506E /* CalendarDayViewController.swift */; };
		2791B807237B3341009E506E /* CalendarDayButton.swift in Sources */ = {isa = PBXBuildFile; fileRef = 2791B806237B3341009E506E /* CalendarDayButton.swift */; };
		2791B809237B33EB009E506E /* NSColor+Extension.swift in Sources */ = {isa = PBXBuildFile; fileRef = 2791B808237B33EB009E506E /* NSColor+Extension.swift */; };
		2792F40D2379C8BA00CAF8F6 /* MenuController.swift in Sources */ = {isa = PBXBuildFile; fileRef = 2792F40C2379C8BA00CAF8F6 /* MenuController.swift */; };
		2792F40F2379D4AA00CAF8F6 /* CalendarViewController.swift in Sources */ = {isa = PBXBuildFile; fileRef = 2792F40E2379D4AA00CAF8F6 /* CalendarViewController.swift */; };
		2792F411237A1C4C00CAF8F6 /* CalendarGrid.swift in Sources */ = {isa = PBXBuildFile; fileRef = 2792F410237A1C4C00CAF8F6 /* CalendarGrid.swift */; };
		27BB4F6923A02EDB00BFE387 /* DayMenuItemController.swift in Sources */ = {isa = PBXBuildFile; fileRef = 27BB4F6723A02EDB00BFE387 /* DayMenuItemController.swift */; };
		27BB4F6A23A02EDB00BFE387 /* DayMenuItemController.xib in Resources */ = {isa = PBXBuildFile; fileRef = 27BB4F6823A02EDB00BFE387 /* DayMenuItemController.xib */; };
		27BB4F6C23A1491D00BFE387 /* NSView+Extension.swift in Sources */ = {isa = PBXBuildFile; fileRef = 27BB4F6B23A1491D00BFE387 /* NSView+Extension.swift */; };
		27CFABC623A69B7500607262 /* NSGridView+Extension.swift in Sources */ = {isa = PBXBuildFile; fileRef = 27CFABC523A69B7500607262 /* NSGridView+Extension.swift */; };
		27E552A823A28BBD00A4FB69 /* EventDetailController.swift in Sources */ = {isa = PBXBuildFile; fileRef = 27E552A623A28BBD00A4FB69 /* EventDetailController.swift */; };
		27E552A923A28BBD00A4FB69 /* EventDetailController.xib in Resources */ = {isa = PBXBuildFile; fileRef = 27E552A723A28BBD00A4FB69 /* EventDetailController.xib */; };
		27EA6A92238985CF006F6514 /* NSImage+Extension.swift in Sources */ = {isa = PBXBuildFile; fileRef = 27EA6A91238985CF006F6514 /* NSImage+Extension.swift */; };
		27EAFF1D238C620D00AF0B58 /* QJColorChooser in Frameworks */ = {isa = PBXBuildFile; productRef = 27EAFF1C238C620D00AF0B58 /* QJColorChooser */; };
/* End PBXBuildFile section */

/* Begin PBXContainerItemProxy section */
		270F2FFB23772E18006B78A7 /* PBXContainerItemProxy */ = {
			isa = PBXContainerItemProxy;
			containerPortal = 270F2FE023772E16006B78A7 /* Project object */;
			proxyType = 1;
			remoteGlobalIDString = 270F2FE723772E16006B78A7;
			remoteInfo = Kalendarium;
		};
		270F300623772E18006B78A7 /* PBXContainerItemProxy */ = {
			isa = PBXContainerItemProxy;
			containerPortal = 270F2FE023772E16006B78A7 /* Project object */;
			proxyType = 1;
			remoteGlobalIDString = 270F2FE723772E16006B78A7;
			remoteInfo = Kalendarium;
		};
/* End PBXContainerItemProxy section */

/* Begin PBXFileReference section */
		2705E057237F67F800CF013C /* EventStore.swift */ = {isa = PBXFileReference; lastKnownFileType = sourcecode.swift; name = EventStore.swift; path = Kalendarium/Models/EventStore.swift; sourceTree = SOURCE_ROOT; };
		270F2FE823772E16006B78A7 /* Kalendarium.app */ = {isa = PBXFileReference; explicitFileType = wrapper.application; includeInIndex = 0; path = Kalendarium.app; sourceTree = BUILT_PRODUCTS_DIR; };
		270F2FEB23772E16006B78A7 /* AppDelegate.swift */ = {isa = PBXFileReference; lastKnownFileType = sourcecode.swift; path = AppDelegate.swift; sourceTree = "<group>"; };
		270F2FEF23772E18006B78A7 /* Assets.xcassets */ = {isa = PBXFileReference; lastKnownFileType = folder.assetcatalog; path = Assets.xcassets; sourceTree = "<group>"; };
		270F2FF223772E18006B78A7 /* Base */ = {isa = PBXFileReference; lastKnownFileType = file.storyboard; name = Base; path = Base.lproj/Main.storyboard; sourceTree = "<group>"; };
		270F2FF423772E18006B78A7 /* Info.plist */ = {isa = PBXFileReference; lastKnownFileType = text.plist.xml; path = Info.plist; sourceTree = "<group>"; };
		270F2FF523772E18006B78A7 /* Kalendarium.entitlements */ = {isa = PBXFileReference; lastKnownFileType = text.plist.entitlements; path = Kalendarium.entitlements; sourceTree = "<group>"; };
		270F2FFA23772E18006B78A7 /* KalendariumTests.xctest */ = {isa = PBXFileReference; explicitFileType = wrapper.cfbundle; includeInIndex = 0; path = KalendariumTests.xctest; sourceTree = BUILT_PRODUCTS_DIR; };
		270F2FFE23772E18006B78A7 /* KalendariumTests.swift */ = {isa = PBXFileReference; lastKnownFileType = sourcecode.swift; path = KalendariumTests.swift; sourceTree = "<group>"; };
		270F300023772E18006B78A7 /* Info.plist */ = {isa = PBXFileReference; lastKnownFileType = text.plist.xml; path = Info.plist; sourceTree = "<group>"; };
		270F300523772E18006B78A7 /* KalendariumUITests.xctest */ = {isa = PBXFileReference; explicitFileType = wrapper.cfbundle; includeInIndex = 0; path = KalendariumUITests.xctest; sourceTree = BUILT_PRODUCTS_DIR; };
		270F300923772E18006B78A7 /* KalendariumUITests.swift */ = {isa = PBXFileReference; lastKnownFileType = sourcecode.swift; path = KalendariumUITests.swift; sourceTree = "<group>"; };
		270F300B23772E18006B78A7 /* Info.plist */ = {isa = PBXFileReference; lastKnownFileType = text.plist.xml; path = Info.plist; sourceTree = "<group>"; };
		270F301823776036006B78A7 /* CalendarView.swift */ = {isa = PBXFileReference; lastKnownFileType = sourcecode.swift; path = CalendarView.swift; sourceTree = "<group>"; };
		270F301E237878C7006B78A7 /* NSGraphicsImageRenderer.swift */ = {isa = PBXFileReference; lastKnownFileType = sourcecode.swift; path = NSGraphicsImageRenderer.swift; sourceTree = "<group>"; };
		270F302423788AC0006B78A7 /* .swiftlint.yml */ = {isa = PBXFileReference; fileEncoding = 4; lastKnownFileType = text.yaml; path = .swiftlint.yml; sourceTree = SOURCE_ROOT; };
		271C5C3323A5A09500F261AC /* EventDetailsView.swift */ = {isa = PBXFileReference; lastKnownFileType = sourcecode.swift; path = EventDetailsView.swift; sourceTree = "<group>"; };
		274A5C59238053500019619C /* EventMenuItemViewController.swift */ = {isa = PBXFileReference; lastKnownFileType = sourcecode.swift; path = EventMenuItemViewController.swift; sourceTree = "<group>"; };
		274A5C5B238053A00019619C /* NSDate+Extension.swift */ = {isa = PBXFileReference; lastKnownFileType = sourcecode.swift; path = "NSDate+Extension.swift"; sourceTree = "<group>"; };
		274A5C5D238054310019619C /* CustomMenuItemView.swift */ = {isa = PBXFileReference; lastKnownFileType = sourcecode.swift; path = CustomMenuItemView.swift; sourceTree = "<group>"; };
		274ED1F42395844F000D2581 /* Error.swift */ = {isa = PBXFileReference; lastKnownFileType = sourcecode.swift; path = Error.swift; sourceTree = "<group>"; };
		27510CF9239D77F900DC5708 /* EventItemController.xib */ = {isa = PBXFileReference; lastKnownFileType = file.xib; path = EventItemController.xib; sourceTree = "<group>"; };
		2772885D2397EA0D005A64F7 /* Defaults.swift */ = {isa = PBXFileReference; lastKnownFileType = sourcecode.swift; name = Defaults.swift; path = Kalendarium/Models/Defaults.swift; sourceTree = SOURCE_ROOT; };
		277D66CD23846F0E007E311F /* GeneralPreferencesController.swift */ = {isa = PBXFileReference; lastKnownFileType = sourcecode.swift; path = GeneralPreferencesController.swift; sourceTree = "<group>"; };
		277D66CE23846F0E007E311F /* GeneralPreferencesController.xib */ = {isa = PBXFileReference; lastKnownFileType = file.xib; path = GeneralPreferencesController.xib; sourceTree = "<group>"; };
		277D66D123846F47007E311F /* CalendarPreferencesController.swift */ = {isa = PBXFileReference; lastKnownFileType = sourcecode.swift; path = CalendarPreferencesController.swift; sourceTree = "<group>"; };
		277D66D223846F47007E311F /* CalendarPreferencesController.xib */ = {isa = PBXFileReference; lastKnownFileType = file.xib; path = CalendarPreferencesController.xib; sourceTree = "<group>"; };
		2791B7F8237B2661009E506E /* DesignFacts.swift */ = {isa = PBXFileReference; lastKnownFileType = sourcecode.swift; path = DesignFacts.swift; sourceTree = "<group>"; };
		2791B7FA237B2ABC009E506E /* Clock.swift */ = {isa = PBXFileReference; lastKnownFileType = sourcecode.swift; path = Clock.swift; sourceTree = "<group>"; };
		2791B7FD237B2E12009E506E /* Moment+Extension.swift */ = {isa = PBXFileReference; lastKnownFileType = sourcecode.swift; path = "Moment+Extension.swift"; sourceTree = "<group>"; };
		2791B800237B2F27009E506E /* MonthControlButton.swift */ = {isa = PBXFileReference; lastKnownFileType = sourcecode.swift; path = MonthControlButton.swift; sourceTree = "<group>"; };
		2791B802237B3034009E506E /* VibrantView.swift */ = {isa = PBXFileReference; lastKnownFileType = sourcecode.swift; path = VibrantView.swift; sourceTree = "<group>"; };
		2791B804237B32BA009E506E /* CalendarDayViewController.swift */ = {isa = PBXFileReference; lastKnownFileType = sourcecode.swift; path = CalendarDayViewController.swift; sourceTree = "<group>"; };
		2791B806237B3341009E506E /* CalendarDayButton.swift */ = {isa = PBXFileReference; lastKnownFileType = sourcecode.swift; path = CalendarDayButton.swift; sourceTree = "<group>"; };
		2791B808237B33EB009E506E /* NSColor+Extension.swift */ = {isa = PBXFileReference; lastKnownFileType = sourcecode.swift; path = "NSColor+Extension.swift"; sourceTree = "<group>"; };
		2792F40C2379C8BA00CAF8F6 /* MenuController.swift */ = {isa = PBXFileReference; lastKnownFileType = sourcecode.swift; path = MenuController.swift; sourceTree = "<group>"; };
		2792F40E2379D4AA00CAF8F6 /* CalendarViewController.swift */ = {isa = PBXFileReference; lastKnownFileType = sourcecode.swift; path = CalendarViewController.swift; sourceTree = "<group>"; };
		2792F410237A1C4C00CAF8F6 /* CalendarGrid.swift */ = {isa = PBXFileReference; lastKnownFileType = sourcecode.swift; path = CalendarGrid.swift; sourceTree = "<group>"; };
		27BB4F6723A02EDB00BFE387 /* DayMenuItemController.swift */ = {isa = PBXFileReference; lastKnownFileType = sourcecode.swift; path = DayMenuItemController.swift; sourceTree = "<group>"; };
		27BB4F6823A02EDB00BFE387 /* DayMenuItemController.xib */ = {isa = PBXFileReference; lastKnownFileType = file.xib; path = DayMenuItemController.xib; sourceTree = "<group>"; };
		27BB4F6B23A1491D00BFE387 /* NSView+Extension.swift */ = {isa = PBXFileReference; lastKnownFileType = sourcecode.swift; path = "NSView+Extension.swift"; sourceTree = "<group>"; };
		27CFABC523A69B7500607262 /* NSGridView+Extension.swift */ = {isa = PBXFileReference; lastKnownFileType = sourcecode.swift; path = "NSGridView+Extension.swift"; sourceTree = "<group>"; };
		27E552A623A28BBD00A4FB69 /* EventDetailController.swift */ = {isa = PBXFileReference; lastKnownFileType = sourcecode.swift; path = EventDetailController.swift; sourceTree = "<group>"; };
		27E552A723A28BBD00A4FB69 /* EventDetailController.xib */ = {isa = PBXFileReference; lastKnownFileType = file.xib; path = EventDetailController.xib; sourceTree = "<group>"; };
		27EA6A91238985CF006F6514 /* NSImage+Extension.swift */ = {isa = PBXFileReference; lastKnownFileType = sourcecode.swift; path = "NSImage+Extension.swift"; sourceTree = "<group>"; };
/* End PBXFileReference section */

/* Begin PBXFrameworksBuildPhase section */
		270F2FE523772E16006B78A7 /* Frameworks */ = {
			isa = PBXFrameworksBuildPhase;
			buildActionMask = 2147483647;
			files = (
				277D66CB23843411007E311F /* Preferences in Frameworks */,
				277D66D72386A264007E311F /* SwiftMoment in Frameworks */,
				270F3022237879F3006B78A7 /* SwiftyUserDefaults in Frameworks */,
				27EAFF1D238C620D00AF0B58 /* QJColorChooser in Frameworks */,
			);
			runOnlyForDeploymentPostprocessing = 0;
		};
		270F2FF723772E18006B78A7 /* Frameworks */ = {
			isa = PBXFrameworksBuildPhase;
			buildActionMask = 2147483647;
			files = (
			);
			runOnlyForDeploymentPostprocessing = 0;
		};
		270F300223772E18006B78A7 /* Frameworks */ = {
			isa = PBXFrameworksBuildPhase;
			buildActionMask = 2147483647;
			files = (
			);
			runOnlyForDeploymentPostprocessing = 0;
		};
/* End PBXFrameworksBuildPhase section */

/* Begin PBXGroup section */
		270F2FDF23772E16006B78A7 = {
			isa = PBXGroup;
			children = (
				270F302323788A54006B78A7 /* External Config */,
				270F2FEA23772E16006B78A7 /* Kalendarium */,
				270F2FFD23772E18006B78A7 /* KalendariumTests */,
				270F300823772E18006B78A7 /* KalendariumUITests */,
				270F2FE923772E16006B78A7 /* Products */,
			);
			sourceTree = "<group>";
		};
		270F2FE923772E16006B78A7 /* Products */ = {
			isa = PBXGroup;
			children = (
				270F2FE823772E16006B78A7 /* Kalendarium.app */,
				270F2FFA23772E18006B78A7 /* KalendariumTests.xctest */,
				270F300523772E18006B78A7 /* KalendariumUITests.xctest */,
			);
			name = Products;
			sourceTree = "<group>";
		};
		270F2FEA23772E16006B78A7 /* Kalendarium */ = {
			isa = PBXGroup;
			children = (
				2791B7FF237B2EFB009E506E /* Custom Controls */,
				2791B7FC237B2DDA009E506E /* Extensions */,
				2791B7F7237B263C009E506E /* Models */,
				2792F40B2379C87800CAF8F6 /* Controllers */,
				270F301D2378789E006B78A7 /* Custom Classes */,
				270F301723775FE6006B78A7 /* Views */,
				277D66CC238464C3007E311F /* Xibs */,
				270F2FEB23772E16006B78A7 /* AppDelegate.swift */,
				270F2FEF23772E18006B78A7 /* Assets.xcassets */,
				270F2FF123772E18006B78A7 /* Main.storyboard */,
				270F2FF423772E18006B78A7 /* Info.plist */,
				270F2FF523772E18006B78A7 /* Kalendarium.entitlements */,
			);
			path = Kalendarium;
			sourceTree = "<group>";
		};
		270F2FFD23772E18006B78A7 /* KalendariumTests */ = {
			isa = PBXGroup;
			children = (
				270F2FFE23772E18006B78A7 /* KalendariumTests.swift */,
				270F300023772E18006B78A7 /* Info.plist */,
			);
			path = KalendariumTests;
			sourceTree = "<group>";
		};
		270F300823772E18006B78A7 /* KalendariumUITests */ = {
			isa = PBXGroup;
			children = (
				270F300923772E18006B78A7 /* KalendariumUITests.swift */,
				270F300B23772E18006B78A7 /* Info.plist */,
			);
			path = KalendariumUITests;
			sourceTree = "<group>";
		};
		270F301723775FE6006B78A7 /* Views */ = {
			isa = PBXGroup;
			children = (
				270F301823776036006B78A7 /* CalendarView.swift */,
				2791B802237B3034009E506E /* VibrantView.swift */,
				274A5C5D238054310019619C /* CustomMenuItemView.swift */,
				271C5C3323A5A09500F261AC /* EventDetailsView.swift */,
			);
			path = Views;
			sourceTree = "<group>";
		};
		270F301D2378789E006B78A7 /* Custom Classes */ = {
			isa = PBXGroup;
			children = (
				270F301E237878C7006B78A7 /* NSGraphicsImageRenderer.swift */,
				2792F410237A1C4C00CAF8F6 /* CalendarGrid.swift */,
			);
			path = "Custom Classes";
			sourceTree = "<group>";
		};
		270F302323788A54006B78A7 /* External Config */ = {
			isa = PBXGroup;
			children = (
				270F302423788AC0006B78A7 /* .swiftlint.yml */,
			);
			path = "External Config";
			sourceTree = "<group>";
		};
		277D66CC238464C3007E311F /* Xibs */ = {
			isa = PBXGroup;
			children = (
				277D66D223846F47007E311F /* CalendarPreferencesController.xib */,
				27BB4F6823A02EDB00BFE387 /* DayMenuItemController.xib */,
				277D66CE23846F0E007E311F /* GeneralPreferencesController.xib */,
				27E552A723A28BBD00A4FB69 /* EventDetailController.xib */,
				27510CF9239D77F900DC5708 /* EventItemController.xib */,
			);
			path = Xibs;
			sourceTree = "<group>";
		};
		2791B7F7237B263C009E506E /* Models */ = {
			isa = PBXGroup;
			children = (
				2791B7FA237B2ABC009E506E /* Clock.swift */,
				2791B7F8237B2661009E506E /* DesignFacts.swift */,
				2772885D2397EA0D005A64F7 /* Defaults.swift */,
				2705E057237F67F800CF013C /* EventStore.swift */,
				274ED1F42395844F000D2581 /* Error.swift */,
			);
			path = Models;
			sourceTree = "<group>";
		};
		2791B7FC237B2DDA009E506E /* Extensions */ = {
			isa = PBXGroup;
			children = (
				2791B808237B33EB009E506E /* NSColor+Extension.swift */,
				274A5C5B238053A00019619C /* NSDate+Extension.swift */,
				27EA6A91238985CF006F6514 /* NSImage+Extension.swift */,
				2791B7FD237B2E12009E506E /* Moment+Extension.swift */,
				27BB4F6B23A1491D00BFE387 /* NSView+Extension.swift */,
				27CFABC523A69B7500607262 /* NSGridView+Extension.swift */,
			);
			path = Extensions;
			sourceTree = "<group>";
		};
		2791B7FF237B2EFB009E506E /* Custom Controls */ = {
			isa = PBXGroup;
			children = (
				2791B800237B2F27009E506E /* MonthControlButton.swift */,
				2791B806237B3341009E506E /* CalendarDayButton.swift */,
			);
			path = "Custom Controls";
			sourceTree = "<group>";
		};
		2792F40B2379C87800CAF8F6 /* Controllers */ = {
			isa = PBXGroup;
			children = (
				2792F40C2379C8BA00CAF8F6 /* MenuController.swift */,
				2792F40E2379D4AA00CAF8F6 /* CalendarViewController.swift */,
				2791B804237B32BA009E506E /* CalendarDayViewController.swift */,
				274A5C59238053500019619C /* EventMenuItemViewController.swift */,
				277D66CD23846F0E007E311F /* GeneralPreferencesController.swift */,
				277D66D123846F47007E311F /* CalendarPreferencesController.swift */,
				27BB4F6723A02EDB00BFE387 /* DayMenuItemController.swift */,
				27E552A623A28BBD00A4FB69 /* EventDetailController.swift */,
			);
			path = Controllers;
			sourceTree = "<group>";
		};
/* End PBXGroup section */

/* Begin PBXNativeTarget section */
		270F2FE723772E16006B78A7 /* Kalendarium */ = {
			isa = PBXNativeTarget;
			buildConfigurationList = 270F300E23772E18006B78A7 /* Build configuration list for PBXNativeTarget "Kalendarium" */;
			buildPhases = (
				270F2FE423772E16006B78A7 /* Sources */,
				270F2FE523772E16006B78A7 /* Frameworks */,
				270F2FE623772E16006B78A7 /* Resources */,
				270F302623788B9E006B78A7 /* ShellScript */,
			);
			buildRules = (
			);
			dependencies = (
			);
			name = Kalendarium;
			packageProductDependencies = (
				270F3021237879F3006B78A7 /* SwiftyUserDefaults */,
				277D66CA23843411007E311F /* Preferences */,
				277D66D62386A264007E311F /* SwiftMoment */,
				27EAFF1C238C620D00AF0B58 /* QJColorChooser */,
			);
			productName = Kalendarium;
			productReference = 270F2FE823772E16006B78A7 /* Kalendarium.app */;
			productType = "com.apple.product-type.application";
		};
		270F2FF923772E18006B78A7 /* KalendariumTests */ = {
			isa = PBXNativeTarget;
			buildConfigurationList = 270F301123772E18006B78A7 /* Build configuration list for PBXNativeTarget "KalendariumTests" */;
			buildPhases = (
				270F2FF623772E18006B78A7 /* Sources */,
				270F2FF723772E18006B78A7 /* Frameworks */,
				270F2FF823772E18006B78A7 /* Resources */,
			);
			buildRules = (
			);
			dependencies = (
				270F2FFC23772E18006B78A7 /* PBXTargetDependency */,
			);
			name = KalendariumTests;
			productName = KalendariumTests;
			productReference = 270F2FFA23772E18006B78A7 /* KalendariumTests.xctest */;
			productType = "com.apple.product-type.bundle.unit-test";
		};
		270F300423772E18006B78A7 /* KalendariumUITests */ = {
			isa = PBXNativeTarget;
			buildConfigurationList = 270F301423772E18006B78A7 /* Build configuration list for PBXNativeTarget "KalendariumUITests" */;
			buildPhases = (
				270F300123772E18006B78A7 /* Sources */,
				270F300223772E18006B78A7 /* Frameworks */,
				270F300323772E18006B78A7 /* Resources */,
			);
			buildRules = (
			);
			dependencies = (
				270F300723772E18006B78A7 /* PBXTargetDependency */,
			);
			name = KalendariumUITests;
			productName = KalendariumUITests;
			productReference = 270F300523772E18006B78A7 /* KalendariumUITests.xctest */;
			productType = "com.apple.product-type.bundle.ui-testing";
		};
/* End PBXNativeTarget section */

/* Begin PBXProject section */
		270F2FE023772E16006B78A7 /* Project object */ = {
			isa = PBXProject;
			attributes = {
				LastSwiftUpdateCheck = 1120;
				LastUpgradeCheck = 1130;
				ORGANIZATIONNAME = "Mike Manzo";
				TargetAttributes = {
					270F2FE723772E16006B78A7 = {
						CreatedOnToolsVersion = 11.2.1;
					};
					270F2FF923772E18006B78A7 = {
						CreatedOnToolsVersion = 11.2.1;
						TestTargetID = 270F2FE723772E16006B78A7;
					};
					270F300423772E18006B78A7 = {
						CreatedOnToolsVersion = 11.2.1;
						TestTargetID = 270F2FE723772E16006B78A7;
					};
				};
			};
			buildConfigurationList = 270F2FE323772E16006B78A7 /* Build configuration list for PBXProject "Kalendarium" */;
			compatibilityVersion = "Xcode 9.3";
			developmentRegion = en;
			hasScannedForEncodings = 0;
			knownRegions = (
				en,
				Base,
			);
			mainGroup = 270F2FDF23772E16006B78A7;
			packageReferences = (
				270F3020237879F3006B78A7 /* XCRemoteSwiftPackageReference "SwiftyUserDefaults" */,
				277D66C923843411007E311F /* XCRemoteSwiftPackageReference "Preferences" */,
				277D66D52386A264007E311F /* XCRemoteSwiftPackageReference "SwiftMoment" */,
				27EAFF1B238C620D00AF0B58 /* XCRemoteSwiftPackageReference "QJColorChooser" */,
			);
			productRefGroup = 270F2FE923772E16006B78A7 /* Products */;
			projectDirPath = "";
			projectRoot = "";
			targets = (
				270F2FE723772E16006B78A7 /* Kalendarium */,
				270F2FF923772E18006B78A7 /* KalendariumTests */,
				270F300423772E18006B78A7 /* KalendariumUITests */,
			);
		};
/* End PBXProject section */

/* Begin PBXResourcesBuildPhase section */
		270F2FE623772E16006B78A7 /* Resources */ = {
			isa = PBXResourcesBuildPhase;
			buildActionMask = 2147483647;
			files = (
				270F302523788AC1006B78A7 /* .swiftlint.yml in Resources */,
				27BB4F6A23A02EDB00BFE387 /* DayMenuItemController.xib in Resources */,
				270F2FF023772E18006B78A7 /* Assets.xcassets in Resources */,
				27E552A923A28BBD00A4FB69 /* EventDetailController.xib in Resources */,
				277D66D023846F0E007E311F /* GeneralPreferencesController.xib in Resources */,
				277D66D423846F47007E311F /* CalendarPreferencesController.xib in Resources */,
				270F2FF323772E18006B78A7 /* Main.storyboard in Resources */,
				27510CFA239D77F900DC5708 /* EventItemController.xib in Resources */,
			);
			runOnlyForDeploymentPostprocessing = 0;
		};
		270F2FF823772E18006B78A7 /* Resources */ = {
			isa = PBXResourcesBuildPhase;
			buildActionMask = 2147483647;
			files = (
			);
			runOnlyForDeploymentPostprocessing = 0;
		};
		270F300323772E18006B78A7 /* Resources */ = {
			isa = PBXResourcesBuildPhase;
			buildActionMask = 2147483647;
			files = (
			);
			runOnlyForDeploymentPostprocessing = 0;
		};
/* End PBXResourcesBuildPhase section */

/* Begin PBXShellScriptBuildPhase section */
		270F302623788B9E006B78A7 /* ShellScript */ = {
			isa = PBXShellScriptBuildPhase;
			buildActionMask = 2147483647;
			files = (
			);
			inputFileListPaths = (
			);
			inputPaths = (
			);
			outputFileListPaths = (
			);
			outputPaths = (
			);
			runOnlyForDeploymentPostprocessing = 0;
			shellPath = /bin/sh;
			shellScript = "if which swiftlint >/dev/null; then\n  swiftlint\nelse\n  echo \"warning: SwiftLint not installed, download from https://github.com/realm/SwiftLint\"\nfi\n";
		};
/* End PBXShellScriptBuildPhase section */

/* Begin PBXSourcesBuildPhase section */
		270F2FE423772E16006B78A7 /* Sources */ = {
			isa = PBXSourcesBuildPhase;
			buildActionMask = 2147483647;
			files = (
				2791B801237B2F27009E506E /* MonthControlButton.swift in Sources */,
				2791B805237B32BA009E506E /* CalendarDayViewController.swift in Sources */,
				2791B809237B33EB009E506E /* NSColor+Extension.swift in Sources */,
				27E552A823A28BBD00A4FB69 /* EventDetailController.swift in Sources */,
				271C5C3423A5A09500F261AC /* EventDetailsView.swift in Sources */,
				274A5C5A238053500019619C /* EventMenuItemViewController.swift in Sources */,
				2792F40F2379D4AA00CAF8F6 /* CalendarViewController.swift in Sources */,
				277D66CF23846F0E007E311F /* GeneralPreferencesController.swift in Sources */,
				274A5C5E238054310019619C /* CustomMenuItemView.swift in Sources */,
				27BB4F6C23A1491D00BFE387 /* NSView+Extension.swift in Sources */,
				2792F40D2379C8BA00CAF8F6 /* MenuController.swift in Sources */,
				27CFABC623A69B7500607262 /* NSGridView+Extension.swift in Sources */,
				2705E058237F67F800CF013C /* EventStore.swift in Sources */,
				2791B7FB237B2ABC009E506E /* Clock.swift in Sources */,
				277D66D323846F47007E311F /* CalendarPreferencesController.swift in Sources */,
				2791B7F9237B2661009E506E /* DesignFacts.swift in Sources */,
				27BB4F6923A02EDB00BFE387 /* DayMenuItemController.swift in Sources */,
				270F301F237878C7006B78A7 /* NSGraphicsImageRenderer.swift in Sources */,
				2792F411237A1C4C00CAF8F6 /* CalendarGrid.swift in Sources */,
				274ED1F52395844F000D2581 /* Error.swift in Sources */,
				270F2FEC23772E16006B78A7 /* AppDelegate.swift in Sources */,
				274A5C5C238053A00019619C /* NSDate+Extension.swift in Sources */,
				2791B7FE237B2E12009E506E /* Moment+Extension.swift in Sources */,
				2772885E2397EA0D005A64F7 /* Defaults.swift in Sources */,
				27EA6A92238985CF006F6514 /* NSImage+Extension.swift in Sources */,
				2791B807237B3341009E506E /* CalendarDayButton.swift in Sources */,
				270F301923776036006B78A7 /* CalendarView.swift in Sources */,
				2791B803237B3034009E506E /* VibrantView.swift in Sources */,
			);
			runOnlyForDeploymentPostprocessing = 0;
		};
		270F2FF623772E18006B78A7 /* Sources */ = {
			isa = PBXSourcesBuildPhase;
			buildActionMask = 2147483647;
			files = (
				270F2FFF23772E18006B78A7 /* KalendariumTests.swift in Sources */,
			);
			runOnlyForDeploymentPostprocessing = 0;
		};
		270F300123772E18006B78A7 /* Sources */ = {
			isa = PBXSourcesBuildPhase;
			buildActionMask = 2147483647;
			files = (
				270F300A23772E18006B78A7 /* KalendariumUITests.swift in Sources */,
			);
			runOnlyForDeploymentPostprocessing = 0;
		};
/* End PBXSourcesBuildPhase section */

/* Begin PBXTargetDependency section */
		270F2FFC23772E18006B78A7 /* PBXTargetDependency */ = {
			isa = PBXTargetDependency;
			target = 270F2FE723772E16006B78A7 /* Kalendarium */;
			targetProxy = 270F2FFB23772E18006B78A7 /* PBXContainerItemProxy */;
		};
		270F300723772E18006B78A7 /* PBXTargetDependency */ = {
			isa = PBXTargetDependency;
			target = 270F2FE723772E16006B78A7 /* Kalendarium */;
			targetProxy = 270F300623772E18006B78A7 /* PBXContainerItemProxy */;
		};
/* End PBXTargetDependency section */

/* Begin PBXVariantGroup section */
		270F2FF123772E18006B78A7 /* Main.storyboard */ = {
			isa = PBXVariantGroup;
			children = (
				270F2FF223772E18006B78A7 /* Base */,
			);
			name = Main.storyboard;
			sourceTree = "<group>";
		};
/* End PBXVariantGroup section */

/* Begin XCBuildConfiguration section */
		270F300C23772E18006B78A7 /* Debug */ = {
			isa = XCBuildConfiguration;
			buildSettings = {
				ALWAYS_SEARCH_USER_PATHS = NO;
				CLANG_ANALYZER_NONNULL = YES;
				CLANG_ANALYZER_NUMBER_OBJECT_CONVERSION = YES_AGGRESSIVE;
				CLANG_CXX_LANGUAGE_STANDARD = "gnu++14";
				CLANG_CXX_LIBRARY = "libc++";
				CLANG_ENABLE_MODULES = YES;
				CLANG_ENABLE_OBJC_ARC = YES;
				CLANG_ENABLE_OBJC_WEAK = YES;
				CLANG_WARN_BLOCK_CAPTURE_AUTORELEASING = YES;
				CLANG_WARN_BOOL_CONVERSION = YES;
				CLANG_WARN_COMMA = YES;
				CLANG_WARN_CONSTANT_CONVERSION = YES;
				CLANG_WARN_DEPRECATED_OBJC_IMPLEMENTATIONS = YES;
				CLANG_WARN_DIRECT_OBJC_ISA_USAGE = YES_ERROR;
				CLANG_WARN_DOCUMENTATION_COMMENTS = YES;
				CLANG_WARN_EMPTY_BODY = YES;
				CLANG_WARN_ENUM_CONVERSION = YES;
				CLANG_WARN_INFINITE_RECURSION = YES;
				CLANG_WARN_INT_CONVERSION = YES;
				CLANG_WARN_NON_LITERAL_NULL_CONVERSION = YES;
				CLANG_WARN_OBJC_IMPLICIT_RETAIN_SELF = YES;
				CLANG_WARN_OBJC_LITERAL_CONVERSION = YES;
				CLANG_WARN_OBJC_ROOT_CLASS = YES_ERROR;
				CLANG_WARN_RANGE_LOOP_ANALYSIS = YES;
				CLANG_WARN_STRICT_PROTOTYPES = YES;
				CLANG_WARN_SUSPICIOUS_MOVE = YES;
				CLANG_WARN_UNGUARDED_AVAILABILITY = YES_AGGRESSIVE;
				CLANG_WARN_UNREACHABLE_CODE = YES;
				CLANG_WARN__DUPLICATE_METHOD_MATCH = YES;
				COPY_PHASE_STRIP = NO;
				DEBUG_INFORMATION_FORMAT = dwarf;
				ENABLE_STRICT_OBJC_MSGSEND = YES;
				ENABLE_TESTABILITY = YES;
				GCC_C_LANGUAGE_STANDARD = gnu11;
				GCC_DYNAMIC_NO_PIC = NO;
				GCC_NO_COMMON_BLOCKS = YES;
				GCC_OPTIMIZATION_LEVEL = 0;
				GCC_PREPROCESSOR_DEFINITIONS = (
					"DEBUG=1",
					"$(inherited)",
				);
				GCC_WARN_64_TO_32_BIT_CONVERSION = YES;
				GCC_WARN_ABOUT_RETURN_TYPE = YES_ERROR;
				GCC_WARN_UNDECLARED_SELECTOR = YES;
				GCC_WARN_UNINITIALIZED_AUTOS = YES_AGGRESSIVE;
				GCC_WARN_UNUSED_FUNCTION = YES;
				GCC_WARN_UNUSED_VARIABLE = YES;
				MACOSX_DEPLOYMENT_TARGET = 10.14;
				MTL_ENABLE_DEBUG_INFO = INCLUDE_SOURCE;
				MTL_FAST_MATH = YES;
				ONLY_ACTIVE_ARCH = YES;
				SDKROOT = macosx;
				SWIFT_ACTIVE_COMPILATION_CONDITIONS = DEBUG;
				SWIFT_OPTIMIZATION_LEVEL = "-Onone";
			};
			name = Debug;
		};
		270F300D23772E18006B78A7 /* Release */ = {
			isa = XCBuildConfiguration;
			buildSettings = {
				ALWAYS_SEARCH_USER_PATHS = NO;
				CLANG_ANALYZER_NONNULL = YES;
				CLANG_ANALYZER_NUMBER_OBJECT_CONVERSION = YES_AGGRESSIVE;
				CLANG_CXX_LANGUAGE_STANDARD = "gnu++14";
				CLANG_CXX_LIBRARY = "libc++";
				CLANG_ENABLE_MODULES = YES;
				CLANG_ENABLE_OBJC_ARC = YES;
				CLANG_ENABLE_OBJC_WEAK = YES;
				CLANG_WARN_BLOCK_CAPTURE_AUTORELEASING = YES;
				CLANG_WARN_BOOL_CONVERSION = YES;
				CLANG_WARN_COMMA = YES;
				CLANG_WARN_CONSTANT_CONVERSION = YES;
				CLANG_WARN_DEPRECATED_OBJC_IMPLEMENTATIONS = YES;
				CLANG_WARN_DIRECT_OBJC_ISA_USAGE = YES_ERROR;
				CLANG_WARN_DOCUMENTATION_COMMENTS = YES;
				CLANG_WARN_EMPTY_BODY = YES;
				CLANG_WARN_ENUM_CONVERSION = YES;
				CLANG_WARN_INFINITE_RECURSION = YES;
				CLANG_WARN_INT_CONVERSION = YES;
				CLANG_WARN_NON_LITERAL_NULL_CONVERSION = YES;
				CLANG_WARN_OBJC_IMPLICIT_RETAIN_SELF = YES;
				CLANG_WARN_OBJC_LITERAL_CONVERSION = YES;
				CLANG_WARN_OBJC_ROOT_CLASS = YES_ERROR;
				CLANG_WARN_RANGE_LOOP_ANALYSIS = YES;
				CLANG_WARN_STRICT_PROTOTYPES = YES;
				CLANG_WARN_SUSPICIOUS_MOVE = YES;
				CLANG_WARN_UNGUARDED_AVAILABILITY = YES_AGGRESSIVE;
				CLANG_WARN_UNREACHABLE_CODE = YES;
				CLANG_WARN__DUPLICATE_METHOD_MATCH = YES;
				COPY_PHASE_STRIP = NO;
				DEBUG_INFORMATION_FORMAT = "dwarf-with-dsym";
				ENABLE_NS_ASSERTIONS = NO;
				ENABLE_STRICT_OBJC_MSGSEND = YES;
				GCC_C_LANGUAGE_STANDARD = gnu11;
				GCC_NO_COMMON_BLOCKS = YES;
				GCC_WARN_64_TO_32_BIT_CONVERSION = YES;
				GCC_WARN_ABOUT_RETURN_TYPE = YES_ERROR;
				GCC_WARN_UNDECLARED_SELECTOR = YES;
				GCC_WARN_UNINITIALIZED_AUTOS = YES_AGGRESSIVE;
				GCC_WARN_UNUSED_FUNCTION = YES;
				GCC_WARN_UNUSED_VARIABLE = YES;
				MACOSX_DEPLOYMENT_TARGET = 10.14;
				MTL_ENABLE_DEBUG_INFO = NO;
				MTL_FAST_MATH = YES;
				SDKROOT = macosx;
				SWIFT_COMPILATION_MODE = wholemodule;
				SWIFT_OPTIMIZATION_LEVEL = "-O";
			};
			name = Release;
		};
		270F300F23772E18006B78A7 /* Debug */ = {
			isa = XCBuildConfiguration;
			buildSettings = {
				ASSETCATALOG_COMPILER_APPICON_NAME = AppIcon;
				CODE_SIGN_ENTITLEMENTS = Kalendarium/Kalendarium.entitlements;
				CODE_SIGN_IDENTITY = "Apple Development";
				CODE_SIGN_STYLE = Automatic;
				COMBINE_HIDPI_IMAGES = YES;
				DEVELOPMENT_TEAM = 3ETXMLGRJN;
				ENABLE_HARDENED_RUNTIME = YES;
				INFOPLIST_FILE = Kalendarium/Info.plist;
				LD_RUNPATH_SEARCH_PATHS = (
					"$(inherited)",
					"@executable_path/../Frameworks",
				);
				PRODUCT_BUNDLE_IDENTIFIER = "Quantum-Joker.Kalendarium";
				PRODUCT_NAME = "$(TARGET_NAME)";
				SWIFT_VERSION = 5.0;
			};
			name = Debug;
		};
		270F301023772E18006B78A7 /* Release */ = {
			isa = XCBuildConfiguration;
			buildSettings = {
				ASSETCATALOG_COMPILER_APPICON_NAME = AppIcon;
				CODE_SIGN_ENTITLEMENTS = Kalendarium/Kalendarium.entitlements;
				CODE_SIGN_IDENTITY = "Apple Development";
				CODE_SIGN_STYLE = Automatic;
				COMBINE_HIDPI_IMAGES = YES;
				DEVELOPMENT_TEAM = 3ETXMLGRJN;
				ENABLE_HARDENED_RUNTIME = YES;
				INFOPLIST_FILE = Kalendarium/Info.plist;
				LD_RUNPATH_SEARCH_PATHS = (
					"$(inherited)",
					"@executable_path/../Frameworks",
				);
				PRODUCT_BUNDLE_IDENTIFIER = "Quantum-Joker.Kalendarium";
				PRODUCT_NAME = "$(TARGET_NAME)";
				SWIFT_VERSION = 5.0;
			};
			name = Release;
		};
		270F301223772E18006B78A7 /* Debug */ = {
			isa = XCBuildConfiguration;
			buildSettings = {
				ALWAYS_EMBED_SWIFT_STANDARD_LIBRARIES = YES;
				BUNDLE_LOADER = "$(TEST_HOST)";
				CODE_SIGN_STYLE = Automatic;
				COMBINE_HIDPI_IMAGES = YES;
				DEVELOPMENT_TEAM = 3ETXMLGRJN;
				INFOPLIST_FILE = KalendariumTests/Info.plist;
				LD_RUNPATH_SEARCH_PATHS = (
					"$(inherited)",
					"@executable_path/../Frameworks",
					"@loader_path/../Frameworks",
				);
				MACOSX_DEPLOYMENT_TARGET = 10.15;
				PRODUCT_BUNDLE_IDENTIFIER = "Quantum-Joker.KalendariumTests";
				PRODUCT_NAME = "$(TARGET_NAME)";
				SWIFT_VERSION = 5.0;
				TEST_HOST = "$(BUILT_PRODUCTS_DIR)/Kalendarium.app/Contents/MacOS/Kalendarium";
			};
			name = Debug;
		};
		270F301323772E18006B78A7 /* Release */ = {
			isa = XCBuildConfiguration;
			buildSettings = {
				ALWAYS_EMBED_SWIFT_STANDARD_LIBRARIES = YES;
				BUNDLE_LOADER = "$(TEST_HOST)";
				CODE_SIGN_STYLE = Automatic;
				COMBINE_HIDPI_IMAGES = YES;
				DEVELOPMENT_TEAM = 3ETXMLGRJN;
				INFOPLIST_FILE = KalendariumTests/Info.plist;
				LD_RUNPATH_SEARCH_PATHS = (
					"$(inherited)",
					"@executable_path/../Frameworks",
					"@loader_path/../Frameworks",
				);
				MACOSX_DEPLOYMENT_TARGET = 10.15;
				PRODUCT_BUNDLE_IDENTIFIER = "Quantum-Joker.KalendariumTests";
				PRODUCT_NAME = "$(TARGET_NAME)";
				SWIFT_VERSION = 5.0;
				TEST_HOST = "$(BUILT_PRODUCTS_DIR)/Kalendarium.app/Contents/MacOS/Kalendarium";
			};
			name = Release;
		};
		270F301523772E18006B78A7 /* Debug */ = {
			isa = XCBuildConfiguration;
			buildSettings = {
				ALWAYS_EMBED_SWIFT_STANDARD_LIBRARIES = YES;
				CODE_SIGN_STYLE = Automatic;
				COMBINE_HIDPI_IMAGES = YES;
				DEVELOPMENT_TEAM = 3ETXMLGRJN;
				INFOPLIST_FILE = KalendariumUITests/Info.plist;
				LD_RUNPATH_SEARCH_PATHS = (
					"$(inherited)",
					"@executable_path/../Frameworks",
					"@loader_path/../Frameworks",
				);
				PRODUCT_BUNDLE_IDENTIFIER = "Quantum-Joker.KalendariumUITests";
				PRODUCT_NAME = "$(TARGET_NAME)";
				SWIFT_VERSION = 5.0;
				TEST_TARGET_NAME = Kalendarium;
			};
			name = Debug;
		};
		270F301623772E18006B78A7 /* Release */ = {
			isa = XCBuildConfiguration;
			buildSettings = {
				ALWAYS_EMBED_SWIFT_STANDARD_LIBRARIES = YES;
				CODE_SIGN_STYLE = Automatic;
				COMBINE_HIDPI_IMAGES = YES;
				DEVELOPMENT_TEAM = 3ETXMLGRJN;
				INFOPLIST_FILE = KalendariumUITests/Info.plist;
				LD_RUNPATH_SEARCH_PATHS = (
					"$(inherited)",
					"@executable_path/../Frameworks",
					"@loader_path/../Frameworks",
				);
				PRODUCT_BUNDLE_IDENTIFIER = "Quantum-Joker.KalendariumUITests";
				PRODUCT_NAME = "$(TARGET_NAME)";
				SWIFT_VERSION = 5.0;
				TEST_TARGET_NAME = Kalendarium;
			};
			name = Release;
		};
/* End XCBuildConfiguration section */

/* Begin XCConfigurationList section */
		270F2FE323772E16006B78A7 /* Build configuration list for PBXProject "Kalendarium" */ = {
			isa = XCConfigurationList;
			buildConfigurations = (
				270F300C23772E18006B78A7 /* Debug */,
				270F300D23772E18006B78A7 /* Release */,
			);
			defaultConfigurationIsVisible = 0;
			defaultConfigurationName = Release;
		};
		270F300E23772E18006B78A7 /* Build configuration list for PBXNativeTarget "Kalendarium" */ = {
			isa = XCConfigurationList;
			buildConfigurations = (
				270F300F23772E18006B78A7 /* Debug */,
				270F301023772E18006B78A7 /* Release */,
			);
			defaultConfigurationIsVisible = 0;
			defaultConfigurationName = Release;
		};
		270F301123772E18006B78A7 /* Build configuration list for PBXNativeTarget "KalendariumTests" */ = {
			isa = XCConfigurationList;
			buildConfigurations = (
				270F301223772E18006B78A7 /* Debug */,
				270F301323772E18006B78A7 /* Release */,
			);
			defaultConfigurationIsVisible = 0;
			defaultConfigurationName = Release;
		};
		270F301423772E18006B78A7 /* Build configuration list for PBXNativeTarget "KalendariumUITests" */ = {
			isa = XCConfigurationList;
			buildConfigurations = (
				270F301523772E18006B78A7 /* Debug */,
				270F301623772E18006B78A7 /* Release */,
			);
			defaultConfigurationIsVisible = 0;
			defaultConfigurationName = Release;
		};
/* End XCConfigurationList section */

/* Begin XCRemoteSwiftPackageReference section */
		270F3020237879F3006B78A7 /* XCRemoteSwiftPackageReference "SwiftyUserDefaults" */ = {
			isa = XCRemoteSwiftPackageReference;
			repositoryURL = "https://github.com/sunshinejr/SwiftyUserDefaults";
			requirement = {
				branch = master;
				kind = branch;
			};
		};
		277D66C923843411007E311F /* XCRemoteSwiftPackageReference "Preferences" */ = {
			isa = XCRemoteSwiftPackageReference;
			repositoryURL = "https://github.com/sindresorhus/Preferences";
			requirement = {
				branch = master;
				kind = branch;
			};
		};
		277D66D52386A264007E311F /* XCRemoteSwiftPackageReference "SwiftMoment" */ = {
			isa = XCRemoteSwiftPackageReference;
			repositoryURL = "https://github.com/akosma/SwiftMoment.git";
			requirement = {
				branch = master;
				kind = branch;
			};
		};
		27EAFF1B238C620D00AF0B58 /* XCRemoteSwiftPackageReference "QJColorChooser" */ = {
			isa = XCRemoteSwiftPackageReference;
			repositoryURL = "https://github.com/MikeManzo/QJColorChooser";
			requirement = {
				branch = master;
				kind = branch;
			};
		};
/* End XCRemoteSwiftPackageReference section */

/* Begin XCSwiftPackageProductDependency section */
		270F3021237879F3006B78A7 /* SwiftyUserDefaults */ = {
			isa = XCSwiftPackageProductDependency;
			package = 270F3020237879F3006B78A7 /* XCRemoteSwiftPackageReference "SwiftyUserDefaults" */;
			productName = SwiftyUserDefaults;
		};
		277D66CA23843411007E311F /* Preferences */ = {
			isa = XCSwiftPackageProductDependency;
			package = 277D66C923843411007E311F /* XCRemoteSwiftPackageReference "Preferences" */;
			productName = Preferences;
		};
		277D66D62386A264007E311F /* SwiftMoment */ = {
			isa = XCSwiftPackageProductDependency;
			package = 277D66D52386A264007E311F /* XCRemoteSwiftPackageReference "SwiftMoment" */;
			productName = SwiftMoment;
		};
		27EAFF1C238C620D00AF0B58 /* QJColorChooser */ = {
			isa = XCSwiftPackageProductDependency;
			package = 27EAFF1B238C620D00AF0B58 /* XCRemoteSwiftPackageReference "QJColorChooser" */;
			productName = QJColorChooser;
		};
/* End XCSwiftPackageProductDependency section */
	};
	rootObject = 270F2FE023772E16006B78A7 /* Project object */;
}
