{
  "object": {
    "pins": [
      {
        "package": "Preferences",
        "repositoryURL": "https://github.com/sindresorhus/Preferences",
        "state": {
          "branch": "master",
          "revision": "9da487dfa252ce3203372bbd87dade0f8de1de1f",
          "version": null
        }
      },
      {
        "package": "QJColorChooser",
        "repositoryURL": "https://github.com/MikeManzo/QJColorChooser",
        "state": {
          "branch": "master",
          "revision": "5d7515c669f22af22be86242b2b2dc3b4adf01e3",
          "version": null
        }
      },
      {
        "package": "SwiftMoment",
        "repositoryURL": "https://github.com/akosma/SwiftMoment.git",
        "state": {
          "branch": "master",
          "revision": "4cd4ee886328f9514c20f050b81d1725337ddd33",
          "version": null
        }
      },
      {
        "package": "SwiftyUserDefaults",
        "repositoryURL": "https://github.com/sunshinejr/SwiftyUserDefaults",
        "state": {
          "branch": "master",
          "revision": "dbd126b8957fc5af94d1ed5443f8f4b9405356ee",
          "version": null
        }
      }
    ]
  },
  "version": 1
}
